
Microsoft Visual Studio Solution File, Format Version 12.00
# Visual Studio Version 17
VisualStudioVersion = 17.10.35004.147
MinimumVisualStudioVersion = 10.0.40219.1
Project("{9A19103F-16F7-4668-BE54-9A1E7A4F7556}") = "Ellipsejig", "Ellipsejig.csproj", "{CCDFA8C0-B650-4CE2-848C-F8EC4BB6E6FB}"
EndProject
Global
	GlobalSection(SolutionConfigurationPlatforms) = preSolution
		ACAD2024|x64 = ACAD2024|x64
		ACAD2025|x64 = ACAD2025|x64
	EndGlobalSection
	GlobalSection(ProjectConfigurationPlatforms) = postSolution
		{CCDFA8C0-B650-4CE2-848C-F8EC4BB6E6FB}.ACAD2024|x64.ActiveCfg = ACAD2024|x64
		{CCDFA8C0-B650-4CE2-848C-F8EC4BB6E6FB}.ACAD2024|x64.Build.0 = ACAD2024|x64
		{CCDFA8C0-B650-4CE2-848C-F8EC4BB6E6FB}.ACAD2025|x64.ActiveCfg = ACAD2025|x64
		{CCDFA8C0-B650-4CE2-848C-F8EC4BB6E6FB}.ACAD2025|x64.Build.0 = ACAD2025|x64
	EndGlobalSection
	GlobalSection(SolutionProperties) = preSolution
		HideSolutionNode = FALSE
	EndGlobalSection
	GlobalSection(ExtensibilityGlobals) = postSolution
		SolutionGuid = {84B4A9AC-102D-4EC2-B81B-866D46B08F69}
	EndGlobalSection
EndGlobal
